
Microsoft Visual Studio Solution File, Format Version 12.00
# Visual Studio Version 16
VisualStudioVersion = 16.0.30503.244
MinimumVisualStudioVersion = 10.0.40219.1
Project("{FAE04EC0-301F-11D3-BF4B-00C04F79EFBC}") = "C969PA_CodyBurkholz_001248460", "C969PA_CodyBurkholz_001248460\C969PA_CodyBurkholz_001248460.csproj", "{28A377FA-6F7D-4C2D-B9A2-344BAA08D890}"
EndProject
Global
	GlobalSection(SolutionConfigurationPlatforms) = preSolution
		Debug|Any CPU = Debug|Any CPU
		Release|Any CPU = Release|Any CPU
	EndGlobalSection
	GlobalSection(ProjectConfigurationPlatforms) = postSolution
		{28A377FA-6F7D-4C2D-B9A2-344BAA08D890}.Debug|Any CPU.ActiveCfg = Debug|Any CPU
		{28A377FA-6F7D-4C2D-B9A2-344BAA08D890}.Debug|Any CPU.Build.0 = Debug|Any CPU
		{28A377FA-6F7D-4C2D-B9A2-344BAA08D890}.Release|Any CPU.ActiveCfg = Release|Any CPU
		{28A377FA-6F7D-4C2D-B9A2-344BAA08D890}.Release|Any CPU.Build.0 = Release|Any CPU
	EndGlobalSection
	GlobalSection(SolutionProperties) = preSolution
		HideSolutionNode = FALSE
	EndGlobalSection
	GlobalSection(ExtensibilityGlobals) = postSolution
		SolutionGuid = {BC2C93D9-E9F7-43C5-B1F4-7BE60281D10A}
	EndGlobalSection
EndGlobal
